{
  "name": "fup-curry-number-function",
  "version": "1.0.0",
  "lockfileVersion": 2,
  "requires": true,
  "packages": {
    "": {
      "name": "fup-curry-number-function",
      "version": "1.0.0",
      "license": "MIT",
      "dependencies": {
        "fup-is-function": "^1.0.1",
        "fup-is-number": "^1.0.0"
      }
    },
    "node_modules/fup-is-function": {
      "version": "1.0.1",
      "resolved": "https://registry.npmjs.org/fup-is-function/-/fup-is-function-1.0.1.tgz",
      "integrity": "sha512-2bz+Wb0i2XtZXXkz2Qjv6jefKuF8UXhWBkRgZVH6tFAhBN5iLoBy9ShoFdC+cF4CgEUMrWqSlHUJxcHwyTABjA=="
    },
    "node_modules/fup-is-number": {
      "version": "1.0.0",
      "resolved": "https://registry.npmjs.org/fup-is-number/-/fup-is-number-1.0.0.tgz",
      "integrity": "sha512-mEZlQxBnWbq/8mkvb9BtF9kbp8sTEut2NvzAuu9gbhXnne4moYvZPWi+mV+yb3WKehBZjPvgVWiF1j29SjKg7Q=="
    }
  },
  "dependencies": {
    "fup-is-function": {
      "version": "1.0.1",
      "resolved": "https://registry.npmjs.org/fup-is-function/-/fup-is-function-1.0.1.tgz",
      "integrity": "sha512-2bz+Wb0i2XtZXXkz2Qjv6jefKuF8UXhWBkRgZVH6tFAhBN5iLoBy9ShoFdC+cF4CgEUMrWqSlHUJxcHwyTABjA=="
    },
    "fup-is-number": {
      "version": "1.0.0",
      "resolved": "https://registry.npmjs.org/fup-is-number/-/fup-is-number-1.0.0.tgz",
      "integrity": "sha512-mEZlQxBnWbq/8mkvb9BtF9kbp8sTEut2NvzAuu9gbhXnne4moYvZPWi+mV+yb3WKehBZjPvgVWiF1j29SjKg7Q=="
    }
  }
}
